GEM
  remote: https://rubygems.org/
  specs:
    bigdecimal (4.1.2)
    faraday (2.14.2)
      faraday-net_http (>= 2.0, < 3.5)
      json
      logger
    faraday-net_http (3.4.4)
      net-http (~> 0.5)
    google-protobuf (4.35.0)
      bigdecimal
      rake (~> 13.3)
    google-protobuf (4.35.0-aarch64-linux-gnu)
      bigdecimal
      rake (~> 13.3)
    google-protobuf (4.35.0-aarch64-linux-musl)
      bigdecimal
      rake (~> 13.3)
    google-protobuf (4.35.0-arm64-darwin)
      bigdecimal
      rake (~> 13.3)
    google-protobuf (4.35.0-x86-linux-gnu)
      bigdecimal
      rake (~> 13.3)
    google-protobuf (4.35.0-x86-linux-musl)
      bigdecimal
      rake (~> 13.3)
    google-protobuf (4.35.0-x86_64-darwin)
      bigdecimal
      rake (~> 13.3)
    google-protobuf (4.35.0-x86_64-linux-gnu)
      bigdecimal
      rake (~> 13.3)
    google-protobuf (4.35.0-x86_64-linux-musl)
      bigdecimal
      rake (~> 13.3)
    json (2.19.8)
    logger (1.7.0)
    net-http (0.9.1)
      uri (>= 0.11.1)
    nio4r (2.7.5)
    puma (8.0.2)
      nio4r (~> 2.0)
    rack (3.2.6)
    rake (13.4.2)
    twirp (1.13.1)
      faraday (< 3)
      google-protobuf (>= 3.25, < 5.a)
      rack (>= 2.2.3)
    uri (1.1.1)
    webrick (1.9.2)

PLATFORMS
  aarch64-linux-gnu
  aarch64-linux-musl
  arm64-darwin
  ruby
  x86-linux-gnu
  x86-linux-musl
  x86_64-darwin
  x86_64-linux-gnu
  x86_64-linux-musl

DEPENDENCIES
  google-protobuf
  puma
  rack
  twirp
  webrick

CHECKSUMS
  bigdecimal (4.1.2) sha256=53d217666027eab4280346fba98e7d5b66baaae1b9c3c1c0ffe89d48188a3fbd
  faraday (2.14.2) sha256=73ccb9994a9e8648f010e32eca2ae82e41c57860aa10932cda29418b9e0223ad
  faraday-net_http (3.4.4) sha256=0e78af151747ed1b00f33e25973b4bc220d7f16c00c39676817c8b12331eb588
  google-protobuf (4.35.0) sha256=95346162c792ed78c9a28cbf2d937a53f706de6df36a27471582f63f03c30c0d
  google-protobuf (4.35.0-aarch64-linux-gnu) sha256=2cabd61b420918aec1564f9f7414e455bf922d20c5f8139d62783df5558a7aea
  google-protobuf (4.35.0-aarch64-linux-musl) sha256=f6b11f3420a4564f68e8233c95eac6924f6a727dfc2f81a56af2e09add551501
  google-protobuf (4.35.0-arm64-darwin) sha256=66ab26d3fc82b8950702e53ab16c198e3c0ea3f2a38aaaf1f32152da45593ac5
  google-protobuf (4.35.0-x86-linux-gnu) sha256=7a5b5681c7d7bf28e1a6e285e45bf55c4ef47b7b1ca8af6ff79964255efece9a
  google-protobuf (4.35.0-x86-linux-musl) sha256=f481b63b176c0335db8b50e46f033c0956857a599d9feafdd891a5c18ce28d43
  google-protobuf (4.35.0-x86_64-darwin) sha256=05eb5c8bc9899135befff496fc0a3642e7ff3d0943f043841dcc456f5654fea0
  google-protobuf (4.35.0-x86_64-linux-gnu) sha256=999226f3b00cd9fddb1b26851d16060212fa1d90c406aaad47e574682b716059
  google-protobuf (4.35.0-x86_64-linux-musl) sha256=be0218520d77b2aee898b363514b03819f6f63f9c041ae0d0d79b4ce5247bffd
  json (2.19.8) sha256=6354310fd76ef69b87d5bd1f38b40d730613baf90b6803d2d0a48f618d32dfaa
  logger (1.7.0) sha256=196edec7cc44b66cfb40f9755ce11b392f21f7967696af15d274dde7edff0203
  net-http (0.9.1) sha256=25ba0b67c63e89df626ed8fac771d0ad24ad151a858af2cc8e6a716ca4336996
  nio4r (2.7.5) sha256=6c90168e48fb5f8e768419c93abb94ba2b892a1d0602cb06eef16d8b7df1dca1
  puma (8.0.2) sha256=c8ed871dfbbe66448ea9ffd46692342d9804d4071522b52b5331b7b6e7b686fb
  rack (3.2.6) sha256=5ed78e1f73b2e25679bec7d45ee2d4483cc4146eb1be0264fc4d94cb5ef212c2
  rake (13.4.2) sha256=cb825b2bd5f1f8e91ca37bddb4b9aaf345551b4731da62949be002fa89283701
  twirp (1.13.1) sha256=ef38fc8dfa9f3e922dec2c594772ac1d3577a1d1812fae4deebf7c2c34fb7f4e
  uri (1.1.1) sha256=379fa58d27ffb1387eaada68c749d1426738bd0f654d812fcc07e7568f5c57c6
  webrick (1.9.2) sha256=beb4a15fc474defed24a3bda4ffd88a490d517c9e4e6118c3edce59e45864131

BUNDLED WITH
  4.0.11
